<Solution>
  <Folder Name="/Solution Items/">
    <File Path=".editorconfig" />
    <File Path="docker-compose.amd.yml" />
    <File Path="docker-compose.intel.yml" />
    <File Path="docker-compose.nvidia.yml" />
    <File Path="docker-compose.yml" />
    <File Path="ollama-start.sh" />
    <File Path="plan.md" />
    <File Path="README.md" />
  </Folder>
  <Project Path="Corona/Corona/Corona.csproj" />
  <Project Path="Nebula.Agent.Test/Nebula.Agent.Test.csproj" />
  <Project Path="Nebula.Agent/Nebula.Agent.csproj" />
  <Project Path="Nebula.App.Test/Nebula.App.Test.csproj" />
  <Project Path="Nebula.App/Nebula.App.Shared/Nebula.App.Shared.csproj" Id="0b88a3c7-12ce-42db-90b8-4e75a52c3b80" />
  <Project Path="Nebula.App/Nebula.App.Web.Client/Nebula.App.Web.Client.csproj" Id="70c51ec9-b20b-490b-9a37-6e34d284709a" />
  <Project Path="Nebula.App/Nebula.App.Web/Nebula.App.Web.csproj" Id="fb6fdf95-7d51-4376-bf57-9c1d92681aec" />
  <Project Path="Nebula.App/Nebula.App/Nebula.App.csproj" Id="009f2db6-86be-43b8-acd9-3070ce08b5c8">
    <Deploy Solution="Debug|*" />
  </Project>
  <Project Path="Nebula.Cli/Nebula.Cli.csproj" />
  <Project Path="Nebula.Core/Nebula.Core.csproj" />
  <Project Path="Nebula.Llama.Client/Nebula.Llama.Client.csproj" />
  <Project Path="Nebula.Mongo.Context/Nebula.Mongo.Context.csproj" />
  <Project Path="Nebula.Postgres.Context/Nebula.Postgres.Context.csproj" />
  <Project Path="Nebula.Runner/Nebula.Runner.csproj" />
  <Project Path="Nebula.Services/Nebula.Services.csproj" />
</Solution>
